
Microsoft Visual Studio Solution File, Format Version 12.00
# Visual Studio 15
VisualStudioVersion = 15.0.28307.1062
MinimumVisualStudioVersion = 10.0.40219.1
Project("{FAE04EC0-301F-11D3-BF4B-00C04F79EFBC}") = "BitzenApp", "BitzenApp\BitzenApp.csproj", "{B1241F82-C470-4116-A5D2-4A326B7E40AA}"
EndProject
Project("{FAE04EC0-301F-11D3-BF4B-00C04F79EFBC}") = "BitzenAppAPI", "BitzenAppAPI\BitzenAppAPI.csproj", "{21554326-B7D3-4287-85D4-373CB6ECF7BB}"
EndProject
Project("{FAE04EC0-301F-11D3-BF4B-00C04F79EFBC}") = "BitzenAppApplication", "BitzenAppApplication\BitzenAppApplication.csproj", "{23B00972-68C1-418A-87D0-D756620DC20C}"
EndProject
Project("{FAE04EC0-301F-11D3-BF4B-00C04F79EFBC}") = "BitzenAppDomain", "BitzenAppDomain\BitzenAppDomain.csproj", "{4A1BD2C1-7E33-4508-AE37-3E06B04A02DE}"
EndProject
Project("{FAE04EC0-301F-11D3-BF4B-00C04F79EFBC}") = "BitzenAppInfra", "BitzenAppInfra\BitzenAppInfra.csproj", "{23148CAE-DE57-4688-92E2-E577BCDC42BC}"
EndProject
Global
	GlobalSection(SolutionConfigurationPlatforms) = preSolution
		Debug|Any CPU = Debug|Any CPU
		Release|Any CPU = Release|Any CPU
	EndGlobalSection
	GlobalSection(ProjectConfigurationPlatforms) = postSolution
		{B1241F82-C470-4116-A5D2-4A326B7E40AA}.Debug|Any CPU.ActiveCfg = Debug|Any CPU
		{B1241F82-C470-4116-A5D2-4A326B7E40AA}.Debug|Any CPU.Build.0 = Debug|Any CPU
		{B1241F82-C470-4116-A5D2-4A326B7E40AA}.Release|Any CPU.ActiveCfg = Release|Any CPU
		{B1241F82-C470-4116-A5D2-4A326B7E40AA}.Release|Any CPU.Build.0 = Release|Any CPU
		{21554326-B7D3-4287-85D4-373CB6ECF7BB}.Debug|Any CPU.ActiveCfg = Debug|Any CPU
		{21554326-B7D3-4287-85D4-373CB6ECF7BB}.Debug|Any CPU.Build.0 = Debug|Any CPU
		{21554326-B7D3-4287-85D4-373CB6ECF7BB}.Release|Any CPU.ActiveCfg = Release|Any CPU
		{21554326-B7D3-4287-85D4-373CB6ECF7BB}.Release|Any CPU.Build.0 = Release|Any CPU
		{23B00972-68C1-418A-87D0-D756620DC20C}.Debug|Any CPU.ActiveCfg = Debug|Any CPU
		{23B00972-68C1-418A-87D0-D756620DC20C}.Debug|Any CPU.Build.0 = Debug|Any CPU
		{23B00972-68C1-418A-87D0-D756620DC20C}.Release|Any CPU.ActiveCfg = Release|Any CPU
		{23B00972-68C1-418A-87D0-D756620DC20C}.Release|Any CPU.Build.0 = Release|Any CPU
		{4A1BD2C1-7E33-4508-AE37-3E06B04A02DE}.Debug|Any CPU.ActiveCfg = Debug|Any CPU
		{4A1BD2C1-7E33-4508-AE37-3E06B04A02DE}.Debug|Any CPU.Build.0 = Debug|Any CPU
		{4A1BD2C1-7E33-4508-AE37-3E06B04A02DE}.Release|Any CPU.ActiveCfg = Release|Any CPU
		{4A1BD2C1-7E33-4508-AE37-3E06B04A02DE}.Release|Any CPU.Build.0 = Release|Any CPU
		{23148CAE-DE57-4688-92E2-E577BCDC42BC}.Debug|Any CPU.ActiveCfg = Debug|Any CPU
		{23148CAE-DE57-4688-92E2-E577BCDC42BC}.Debug|Any CPU.Build.0 = Debug|Any CPU
		{23148CAE-DE57-4688-92E2-E577BCDC42BC}.Release|Any CPU.ActiveCfg = Release|Any CPU
		{23148CAE-DE57-4688-92E2-E577BCDC42BC}.Release|Any CPU.Build.0 = Release|Any CPU
	EndGlobalSection
	GlobalSection(SolutionProperties) = preSolution
		HideSolutionNode = FALSE
	EndGlobalSection
	GlobalSection(ExtensibilityGlobals) = postSolution
		SolutionGuid = {FE94DDA6-48AB-4128-8E85-E07AA77099DC}
	EndGlobalSection
EndGlobal
